// !$*UTF8*$!
{
	archiveVersion = 1;
	classes = {
	};
	objectVersion = 46;
	objects = {

/* Begin PBXBuildFile section */
		52EE4D5B1A2F9733004A6C09 /* main.m in Sources */ = {isa = PBXBuildFile; fileRef = 52EE4D5A1A2F9733004A6C09 /* main.m */; };
		52EE4D5E1A2F9733004A6C09 /* AppDelegate.m in Sources */ = {isa = PBXBuildFile; fileRef = 52EE4D5D1A2F9733004A6C09 /* AppDelegate.m */; };
		52EE4D611A2F9733004A6C09 /* ViewController.m in Sources */ = {isa = PBXBuildFile; fileRef = 52EE4D601A2F9733004A6C09 /* ViewController.m */; };
		52EE4D641A2F9733004A6C09 /* Main.storyboard in Resources */ = {isa = PBXBuildFile; fileRef = 52EE4D621A2F9733004A6C09 /* Main.storyboard */; };
		52EE4D661A2F9733004A6C09 /* Images.xcassets in Resources */ = {isa = PBXBuildFile; fileRef = 52EE4D651A2F9733004A6C09 /* Images.xcassets */; };
		52EE4D691A2F9733004A6C09 /* LaunchScreen.xib in Resources */ = {isa = PBXBuildFile; fileRef = 52EE4D671A2F9733004A6C09 /* LaunchScreen.xib */; };
		52EE4D751A2F9733004A6C09 /* GuestTests.m in Sources */ = {isa = PBXBuildFile; fileRef = 52EE4D741A2F9733004A6C09 /* GuestTests.m */; };
/* End PBXBuildFile section */

/* Begin PBXContainerItemProxy section */
		52EE4D6F1A2F9733004A6C09 /* PBXContainerItemProxy */ = {
			isa = PBXContainerItemProxy;
			containerPortal = 52EE4D4D1A2F9733004A6C09 /* Project object */;
			proxyType = 1;
			remoteGlobalIDString = 52EE4D541A2F9733004A6C09;
			remoteInfo = Guest;
		};
/* End PBXContainerItemProxy section */

/* Begin PBXFileReference section */
		52EE4D551A2F9733004A6C09 /* Guest.app */ = {isa = PBXFileReference; explicitFileType = wrapper.application; includeInIndex = 0; path = Guest.app; sourceTree = BUILT_PRODUCTS_DIR; };
		52EE4D591A2F9733004A6C09 /* Info.plist */ = {isa = PBXFileReference; lastKnownFileType = text.plist.xml; path = Info.plist; sourceTree = "<group>"; };
		52EE4D5A1A2F9733004A6C09 /* main.m */ = {isa = PBXFileReference; lastKnownFileType = sourcecode.c.objc; path = main.m; sourceTree = "<group>"; };
		52EE4D5C1A2F9733004A6C09 /* AppDelegate.h */ = {isa = PBXFileReference; lastKnownFileType = sourcecode.c.h; path = AppDelegate.h; sourceTree = "<group>"; };
		52EE4D5D1A2F9733004A6C09 /* AppDelegate.m */ = {isa = PBXFileReference; lastKnownFileType = sourcecode.c.objc; path = AppDelegate.m; sourceTree = "<group>"; };
		52EE4D5F1A2F9733004A6C09 /* ViewController.h */ = {isa = PBXFileReference; lastKnownFileType = sourcecode.c.h; path = ViewController.h; sourceTree = "<group>"; };
		52EE4D601A2F9733004A6C09 /* ViewController.m */ = {isa = PBXFileReference; lastKnownFileType = sourcecode.c.objc; path = ViewController.m; sourceTree = "<group>"; };
		52EE4D631A2F9733004A6C09 /* Base */ = {isa = PBXFileReference; lastKnownFileType = file.storyboard; name = Base; path = Base.lproj/Main.storyboard; sourceTree = "<group>"; };
		52EE4D651A2F9733004A6C09 /* Images.xcassets */ = {isa = PBXFileReference; lastKnownFileType = folder.assetcatalog; path = Images.xcassets; sourceTree = "<group>"; };
		52EE4D681A2F9733004A6C09 /* Base */ = {isa = PBXFileReference; lastKnownFileType = file.xib; name = Base; path = Base.lproj/LaunchScreen.xib; sourceTree = "<group>"; };
		52EE4D6E1A2F9733004A6C09 /* GuestTests.xctest */ = {isa = PBXFileReference; explicitFileType = wrapper.cfbundle; includeInIndex = 0; path = GuestTests.xctest; sourceTree = BUILT_PRODUCTS_DIR; };
		52EE4D731A2F9733004A6C09 /* Info.plist */ = {isa = PBXFileReference; lastKnownFileType = text.plist.xml; path = Info.plist; sourceTree = "<group>"; };
		52EE4D741A2F9733004A6C09 /* GuestTests.m */ = {isa = PBXFileReference; lastKnownFileType = sourcecode.c.objc; path = GuestTests.m; sourceTree = "<group>"; };
/* End PBXFileReference section */

/* Begin PBXFrameworksBuildPhase section */
		52EE4D521A2F9733004A6C09 /* Frameworks */ = {
			isa = PBXFrameworksBuildPhase;
			buildActionMask = 2147483647;
			files = (
			);
			runOnlyForDeploymentPostprocessing = 0;
		};
		52EE4D6B1A2F9733004A6C09 /* Frameworks */ = {
			isa = PBXFrameworksBuildPhase;
			buildActionMask = 2147483647;
			files = (
			);
			runOnlyForDeploymentPostprocessing = 0;
		};
/* End PBXFrameworksBuildPhase section */

/* Begin PBXGroup section */
		52EE4D4C1A2F9733004A6C09 = {
			isa = PBXGroup;
			children = (
				52EE4D571A2F9733004A6C09 /* Guest */,
				52EE4D711A2F9733004A6C09 /* GuestTests */,
				52EE4D561A2F9733004A6C09 /* Products */,
			);
			sourceTree = "<group>";
		};
		52EE4D561A2F9733004A6C09 /* Products */ = {
			isa = PBXGroup;
			children = (
				52EE4D551A2F9733004A6C09 /* Guest.app */,
				52EE4D6E1A2F9733004A6C09 /* GuestTests.xctest */,
			);
			name = Products;
			sourceTree = "<group>";
		};
		52EE4D571A2F9733004A6C09 /* Guest */ = {
			isa = PBXGroup;
			children = (
				52EE4D5C1A2F9733004A6C09 /* AppDelegate.h */,
				52EE4D5D1A2F9733004A6C09 /* AppDelegate.m */,
				52EE4D5F1A2F9733004A6C09 /* ViewController.h */,
				52EE4D601A2F9733004A6C09 /* ViewController.m */,
				52EE4D621A2F9733004A6C09 /* Main.storyboard */,
				52EE4D651A2F9733004A6C09 /* Images.xcassets */,
				52EE4D671A2F9733004A6C09 /* LaunchScreen.xib */,
				52EE4D581A2F9733004A6C09 /* Supporting Files */,
			);
			path = Guest;
			sourceTree = "<group>";
		};
		52EE4D581A2F9733004A6C09 /* Supporting Files */ = {
			isa = PBXGroup;
			children = (
				52EE4D591A2F9733004A6C09 /* Info.plist */,
				52EE4D5A1A2F9733004A6C09 /* main.m */,
			);
			name = "Supporting Files";
			sourceTree = "<group>";
		};
		52EE4D711A2F9733004A6C09 /* GuestTests */ = {
			isa = PBXGroup;
			children = (
				52EE4D741A2F9733004A6C09 /* GuestTests.m */,
				52EE4D721A2F9733004A6C09 /* Supporting Files */,
			);
			path = GuestTests;
			sourceTree = "<group>";
		};
		52EE4D721A2F9733004A6C09 /* Supporting Files */ = {
			isa = PBXGroup;
			children = (
				52EE4D731A2F9733004A6C09 /* Info.plist */,
			);
			name = "Supporting Files";
			sourceTree = "<group>";
		};
/* End PBXGroup section */

/* Begin PBXNativeTarget section */
		52EE4D541A2F9733004A6C09 /* Guest */ = {
			isa = PBXNativeTarget;
			buildConfigurationList = 52EE4D781A2F9734004A6C09 /* Build configuration list for PBXNativeTarget "Guest" */;
			buildPhases = (
				52EE4D511A2F9733004A6C09 /* Sources */,
				52EE4D521A2F9733004A6C09 /* Frameworks */,
				52EE4D531A2F9733004A6C09 /* Resources */,
			);
			buildRules = (
			);
			dependencies = (
			);
			name = Guest;
			productName = Guest;
			productReference = 52EE4D551A2F9733004A6C09 /* Guest.app */;
			productType = "com.apple.product-type.application";
		};
		52EE4D6D1A2F9733004A6C09 /* GuestTests */ = {
			isa = PBXNativeTarget;
			buildConfigurationList = 52EE4D7B1A2F9734004A6C09 /* Build configuration list for PBXNativeTarget "GuestTests" */;
			buildPhases = (
				52EE4D6A1A2F9733004A6C09 /* Sources */,
				52EE4D6B1A2F9733004A6C09 /* Frameworks */,
				52EE4D6C1A2F9733004A6C09 /* Resources */,
			);
			buildRules = (
			);
			dependencies = (
				52EE4D701A2F9733004A6C09 /* PBXTargetDependency */,
			);
			name = GuestTests;
			productName = GuestTests;
			productReference = 52EE4D6E1A2F9733004A6C09 /* GuestTests.xctest */;
			productType = "com.apple.product-type.bundle.unit-test";
		};
/* End PBXNativeTarget section */

/* Begin PBXProject section */
		52EE4D4D1A2F9733004A6C09 /* Project object */ = {
			isa = PBXProject;
			attributes = {
				LastUpgradeCheck = 0610;
				ORGANIZATIONNAME = John;
				TargetAttributes = {
					52EE4D541A2F9733004A6C09 = {
						CreatedOnToolsVersion = 6.1;
					};
					52EE4D6D1A2F9733004A6C09 = {
						CreatedOnToolsVersion = 6.1;
						TestTargetID = 52EE4D541A2F9733004A6C09;
					};
				};
			};
			buildConfigurationList = 52EE4D501A2F9733004A6C09 /* Build configuration list for PBXProject "Guest" */;
			compatibilityVersion = "Xcode 3.2";
			developmentRegion = English;
			hasScannedForEncodings = 0;
			knownRegions = (
				en,
				Base,
			);
			mainGroup = 52EE4D4C1A2F9733004A6C09;
			productRefGroup = 52EE4D561A2F9733004A6C09 /* Products */;
			projectDirPath = "";
			projectRoot = "";
			targets = (
				52EE4D541A2F9733004A6C09 /* Guest */,
				52EE4D6D1A2F9733004A6C09 /* GuestTests */,
			);
		};
/* End PBXProject section */

/* Begin PBXResourcesBuildPhase section */
		52EE4D531A2F9733004A6C09 /* Resources */ = {
			isa = PBXResourcesBuildPhase;
			buildActionMask = 2147483647;
			files = (
				52EE4D641A2F9733004A6C09 /* Main.storyboard in Resources */,
				52EE4D691A2F9733004A6C09 /* LaunchScreen.xib in Resources */,
				52EE4D661A2F9733004A6C09 /* Images.xcassets in Resources */,
			);
			runOnlyForDeploymentPostprocessing = 0;
		};
		52EE4D6C1A2F9733004A6C09 /* Resources */ = {
			isa = PBXResourcesBuildPhase;
			buildActionMask = 2147483647;
			files = (
			);
			runOnlyForDeploymentPostprocessing = 0;
		};
/* End PBXResourcesBuildPhase section */

/* Begin PBXSourcesBuildPhase section */
		52EE4D511A2F9733004A6C09 /* Sources */ = {
			isa = PBXSourcesBuildPhase;
			buildActionMask = 2147483647;
			files = (
				52EE4D611A2F9733004A6C09 /* ViewController.m in Sources */,
				52EE4D5E1A2F9733004A6C09 /* AppDelegate.m in Sources */,
				52EE4D5B1A2F9733004A6C09 /* main.m in Sources */,
			);
			runOnlyForDeploymentPostprocessing = 0;
		};
		52EE4D6A1A2F9733004A6C09 /* Sources */ = {
			isa = PBXSourcesBuildPhase;
			buildActionMask = 2147483647;
			files = (
				52EE4D751A2F9733004A6C09 /* GuestTests.m in Sources */,
			);
			runOnlyForDeploymentPostprocessing = 0;
		};
/* End PBXSourcesBuildPhase section */

/* Begin PBXTargetDependency section */
		52EE4D701A2F9733004A6C09 /* PBXTargetDependency */ = {
			isa = PBXTargetDependency;
			target = 52EE4D541A2F9733004A6C09 /* Guest */;
			targetProxy = 52EE4D6F1A2F9733004A6C09 /* PBXContainerItemProxy */;
		};
/* End PBXTargetDependency section */

/* Begin PBXVariantGroup section */
		52EE4D621A2F9733004A6C09 /* Main.storyboard */ = {
			isa = PBXVariantGroup;
			children = (
				52EE4D631A2F9733004A6C09 /* Base */,
			);
			name = Main.storyboard;
			sourceTree = "<group>";
		};
		52EE4D671A2F9733004A6C09 /* LaunchScreen.xib */ = {
			isa = PBXVariantGroup;
			children = (
				52EE4D681A2F9733004A6C09 /* Base */,
			);
			name = LaunchScreen.xib;
			sourceTree = "<group>";
		};
/* End PBXVariantGroup section */

/* Begin XCBuildConfiguration section */
		52EE4D761A2F9734004A6C09 /* Debug */ = {
			isa = XCBuildConfiguration;
			buildSettings = {
				ALWAYS_SEARCH_USER_PATHS = NO;
				CLANG_CXX_LANGUAGE_STANDARD = "gnu++0x";
				CLANG_CXX_LIBRARY = "libc++";
				CLANG_ENABLE_MODULES = YES;
				CLANG_ENABLE_OBJC_ARC = YES;
				CLANG_WARN_BOOL_CONVERSION = YES;
				CLANG_WARN_CONSTANT_CONVERSION = YES;
				CLANG_WARN_DIRECT_OBJC_ISA_USAGE = YES_ERROR;
				CLANG_WARN_EMPTY_BODY = YES;
				CLANG_WARN_ENUM_CONVERSION = YES;
				CLANG_WARN_INT_CONVERSION = YES;
				CLANG_WARN_OBJC_ROOT_CLASS = YES_ERROR;
				CLANG_WARN_UNREACHABLE_CODE = YES;
				CLANG_WARN__DUPLICATE_METHOD_MATCH = YES;
				"CODE_SIGN_IDENTITY[sdk=iphoneos*]" = "iPhone Developer";
				COPY_PHASE_STRIP = NO;
				ENABLE_STRICT_OBJC_MSGSEND = YES;
				GCC_C_LANGUAGE_STANDARD = gnu99;
				GCC_DYNAMIC_NO_PIC = NO;
				GCC_OPTIMIZATION_LEVEL = 0;
				GCC_PREPROCESSOR_DEFINITIONS = (
					"DEBUG=1",
					"$(inherited)",
				);
				GCC_SYMBOLS_PRIVATE_EXTERN = NO;
				GCC_WARN_64_TO_32_BIT_CONVERSION = YES;
				GCC_WARN_ABOUT_RETURN_TYPE = YES_ERROR;
				GCC_WARN_UNDECLARED_SELECTOR = YES;
				GCC_WARN_UNINITIALIZED_AUTOS = YES_AGGRESSIVE;
				GCC_WARN_UNUSED_FUNCTION = YES;
				GCC_WARN_UNUSED_VARIABLE = YES;
				IPHONEOS_DEPLOYMENT_TARGET = 8.1;
				MTL_ENABLE_DEBUG_INFO = YES;
				ONLY_ACTIVE_ARCH = YES;
				SDKROOT = iphoneos;
			};
			name = Debug;
		};
		52EE4D771A2F9734004A6C09 /* Release */ = {
			isa = XCBuildConfiguration;
			buildSettings = {
				ALWAYS_SEARCH_USER_PATHS = NO;
				CLANG_CXX_LANGUAGE_STANDARD = "gnu++0x";
				CLANG_CXX_LIBRARY = "libc++";
				CLANG_ENABLE_MODULES = YES;
				CLANG_ENABLE_OBJC_ARC = YES;
				CLANG_WARN_BOOL_CONVERSION = YES;
				CLANG_WARN_CONSTANT_CONVERSION = YES;
				CLANG_WARN_DIRECT_OBJC_ISA_USAGE = YES_ERROR;
				CLANG_WARN_EMPTY_BODY = YES;
				CLANG_WARN_ENUM_CONVERSION = YES;
				CLANG_WARN_INT_CONVERSION = YES;
				CLANG_WARN_OBJC_ROOT_CLASS = YES_ERROR;
				CLANG_WARN_UNREACHABLE_CODE = YES;
				CLANG_WARN__DUPLICATE_METHOD_MATCH = YES;
				"CODE_SIGN_IDENTITY[sdk=iphoneos*]" = "iPhone Developer";
				COPY_PHASE_STRIP = YES;
				ENABLE_NS_ASSERTIONS = NO;
				ENABLE_STRICT_OBJC_MSGSEND = YES;
				GCC_C_LANGUAGE_STANDARD = gnu99;
				GCC_WARN_64_TO_32_BIT_CONVERSION = YES;
				GCC_WARN_ABOUT_RETURN_TYPE = YES_ERROR;
				GCC_WARN_UNDECLARED_SELECTOR = YES;
				GCC_WARN_UNINITIALIZED_AUTOS = YES_AGGRESSIVE;
				GCC_WARN_UNUSED_FUNCTION = YES;
				GCC_WARN_UNUSED_VARIABLE = YES;
				IPHONEOS_DEPLOYMENT_TARGET = 8.1;
				MTL_ENABLE_DEBUG_INFO = NO;
				SDKROOT = iphoneos;
				VALIDATE_PRODUCT = YES;
			};
			name = Release;
		};
		52EE4D791A2F9734004A6C09 /* Debug */ = {
			isa = XCBuildConfiguration;
			buildSettings = {
				ASSETCATALOG_COMPILER_APPICON_NAME = AppIcon;
				INFOPLIST_FILE = Guest/Info.plist;
				LD_RUNPATH_SEARCH_PATHS = "$(inherited) @executable_path/Frameworks";
				PRODUCT_NAME = "$(TARGET_NAME)";
			};
			name = Debug;
		};
		52EE4D7A1A2F9734004A6C09 /* Release */ = {
			isa = XCBuildConfiguration;
			buildSettings = {
				ASSETCATALOG_COMPILER_APPICON_NAME = AppIcon;
				INFOPLIST_FILE = Guest/Info.plist;
				LD_RUNPATH_SEARCH_PATHS = "$(inherited) @executable_path/Frameworks";
				PRODUCT_NAME = "$(TARGET_NAME)";
			};
			name = Release;
		};
		52EE4D7C1A2F9734004A6C09 /* Debug */ = {
			isa = XCBuildConfiguration;
			buildSettings = {
				BUNDLE_LOADER = "$(TEST_HOST)";
				FRAMEWORK_SEARCH_PATHS = (
					"$(SDKROOT)/Developer/Library/Frameworks",
					"$(inherited)",
				);
				GCC_PREPROCESSOR_DEFINITIONS = (
					"DEBUG=1",
					"$(inherited)",
				);
				INFOPLIST_FILE = GuestTests/Info.plist;
				LD_RUNPATH_SEARCH_PATHS = "$(inherited) @executable_path/Frameworks @loader_path/Frameworks";
				PRODUCT_NAME = "$(TARGET_NAME)";
				TEST_HOST = "$(BUILT_PRODUCTS_DIR)/Guest.app/Guest";
			};
			name = Debug;
		};
		52EE4D7D1A2F9734004A6C09 /* Release */ = {
			isa = XCBuildConfiguration;
			buildSettings = {
				BUNDLE_LOADER = "$(TEST_HOST)";
				FRAMEWORK_SEARCH_PATHS = (
					"$(SDKROOT)/Developer/Library/Frameworks",
					"$(inherited)",
				);
				INFOPLIST_FILE = GuestTests/Info.plist;
				LD_RUNPATH_SEARCH_PATHS = "$(inherited) @executable_path/Frameworks @loader_path/Frameworks";
				PRODUCT_NAME = "$(TARGET_NAME)";
				TEST_HOST = "$(BUILT_PRODUCTS_DIR)/Guest.app/Guest";
			};
			name = Release;
		};
/* End XCBuildConfiguration section */

/* Begin XCConfigurationList section */
		52EE4D501A2F9733004A6C09 /* Build configuration list for PBXProject "Guest" */ = {
			isa = XCConfigurationList;
			buildConfigurations = (
				52EE4D761A2F9734004A6C09 /* Debug */,
				52EE4D771A2F9734004A6C09 /* Release */,
			);
			defaultConfigurationIsVisible = 0;
			defaultConfigurationName = Release;
		};
		52EE4D781A2F9734004A6C09 /* Build configuration list for PBXNativeTarget "Guest" */ = {
			isa = XCConfigurationList;
			buildConfigurations = (
				52EE4D791A2F9734004A6C09 /* Debug */,
				52EE4D7A1A2F9734004A6C09 /* Release */,
			);
			defaultConfigurationIsVisible = 0;
		};
		52EE4D7B1A2F9734004A6C09 /* Build configuration list for PBXNativeTarget "GuestTests" */ = {
			isa = XCConfigurationList;
			buildConfigurations = (
				52EE4D7C1A2F9734004A6C09 /* Debug */,
				52EE4D7D1A2F9734004A6C09 /* Release */,
			);
			defaultConfigurationIsVisible = 0;
		};
/* End XCConfigurationList section */
	};
	rootObject = 52EE4D4D1A2F9733004A6C09 /* Project object */;
}
